{
    "version": 3,
    "terraform_version": "0.11.13",
    "serial": 2,
    "lineage": "8c310c84-f686-f378-6db2-1d36854e9529",
    "modules": [
        {
            "path": [
                "root"
            ],
            "outputs": {},
            "resources": {
                "kubernetes_deployment.ghost_deployment": {
                    "type": "kubernetes_deployment",
                    "depends_on": [],
                    "primary": {
                        "id": "default/ghost-blog",
                        "attributes": {
                            "id": "default/ghost-blog",
                            "metadata.#": "1",
                            "metadata.0.annotations.%": "0",
                            "metadata.0.generate_name": "",
                            "metadata.0.generation": "1",
                            "metadata.0.labels.%": "0",
                            "metadata.0.name": "ghost-blog",
                            "metadata.0.namespace": "default",
                            "metadata.0.resource_version": "1666",
                            "metadata.0.self_link": "/apis/apps/v1/namespaces/default/deployments/ghost-blog",
                            "metadata.0.uid": "859e81eb-b968-46a1-8d75-6e8daf9e919e",
                            "spec.#": "1",
                            "spec.0.min_ready_seconds": "0",
                            "spec.0.paused": "false",
                            "spec.0.progress_deadline_seconds": "600",
                            "spec.0.replicas": "1",
                            "spec.0.revision_history_limit": "10",
                            "spec.0.selector.#": "1",
                            "spec.0.selector.0.match_expressions.#": "0",
                            "spec.0.selector.0.match_labels.%": "1",
                            "spec.0.selector.0.match_labels.app": "ghost-blog",
                            "spec.0.strategy.#": "1",
                            "spec.0.strategy.0.rolling_update.#": "1",
                            "spec.0.strategy.0.rolling_update.0.max_surge": "25%",
                            "spec.0.strategy.0.rolling_update.0.max_unavailable": "25%",
                            "spec.0.strategy.0.type": "RollingUpdate",
                            "spec.0.template.#": "1",
                            "spec.0.template.0.metadata.#": "1",
                            "spec.0.template.0.metadata.0.annotations.%": "0",
                            "spec.0.template.0.metadata.0.generate_name": "",
                            "spec.0.template.0.metadata.0.generation": "0",
                            "spec.0.template.0.metadata.0.labels.%": "1",
                            "spec.0.template.0.metadata.0.labels.app": "ghost-blog",
                            "spec.0.template.0.metadata.0.name": "",
                            "spec.0.template.0.metadata.0.namespace": "",
                            "spec.0.template.0.metadata.0.resource_version": "",
                            "spec.0.template.0.metadata.0.self_link": "",
                            "spec.0.template.0.metadata.0.uid": "",
                            "spec.0.template.0.spec.#": "1",
                            "spec.0.template.0.spec.0.active_deadline_seconds": "0",
                            "spec.0.template.0.spec.0.affinity.#": "0",
                            "spec.0.template.0.spec.0.automount_service_account_token": "false",
                            "spec.0.template.0.spec.0.container.#": "1",
                            "spec.0.template.0.spec.0.container.0.args.#": "0",
                            "spec.0.template.0.spec.0.container.0.command.#": "0",
                            "spec.0.template.0.spec.0.container.0.env.#": "0",
                            "spec.0.template.0.spec.0.container.0.env_from.#": "0",
                            "spec.0.template.0.spec.0.container.0.image": "ghost:alpine",
                            "spec.0.template.0.spec.0.container.0.image_pull_policy": "IfNotPresent",
                            "spec.0.template.0.spec.0.container.0.lifecycle.#": "0",
                            "spec.0.template.0.spec.0.container.0.liveness_probe.#": "0",
                            "spec.0.template.0.spec.0.container.0.name": "ghost",
                            "spec.0.template.0.spec.0.container.0.port.#": "1",
                            "spec.0.template.0.spec.0.container.0.port.0.container_port": "2368",
                            "spec.0.template.0.spec.0.container.0.port.0.host_ip": "",
                            "spec.0.template.0.spec.0.container.0.port.0.host_port": "0",
                            "spec.0.template.0.spec.0.container.0.port.0.name": "",
                            "spec.0.template.0.spec.0.container.0.port.0.protocol": "TCP",
                            "spec.0.template.0.spec.0.container.0.readiness_probe.#": "0",
                            "spec.0.template.0.spec.0.container.0.resources.#": "1",
                            "spec.0.template.0.spec.0.container.0.security_context.#": "0",
                            "spec.0.template.0.spec.0.container.0.stdin": "false",
                            "spec.0.template.0.spec.0.container.0.stdin_once": "false",
                            "spec.0.template.0.spec.0.container.0.termination_message_path": "/dev/termination-log",
                            "spec.0.template.0.spec.0.container.0.tty": "false",
                            "spec.0.template.0.spec.0.container.0.volume_mount.#": "0",
                            "spec.0.template.0.spec.0.container.0.working_dir": "",
                            "spec.0.template.0.spec.0.dns_config.#": "0",
                            "spec.0.template.0.spec.0.dns_policy": "ClusterFirst",
                            "spec.0.template.0.spec.0.host_aliases.#": "0",
                            "spec.0.template.0.spec.0.host_ipc": "false",
                            "spec.0.template.0.spec.0.host_network": "false",
                            "spec.0.template.0.spec.0.host_pid": "false",
                            "spec.0.template.0.spec.0.hostname": "",
                            "spec.0.template.0.spec.0.image_pull_secrets.#": "0",
                            "spec.0.template.0.spec.0.init_container.#": "0",
                            "spec.0.template.0.spec.0.node_name": "",
                            "spec.0.template.0.spec.0.node_selector.%": "0",
                            "spec.0.template.0.spec.0.priority_class_name": "",
                            "spec.0.template.0.spec.0.restart_policy": "Always",
                            "spec.0.template.0.spec.0.security_context.#": "0",
                            "spec.0.template.0.spec.0.service_account_name": "",
                            "spec.0.template.0.spec.0.share_process_namespace": "false",
                            "spec.0.template.0.spec.0.subdomain": "",
                            "spec.0.template.0.spec.0.termination_grace_period_seconds": "30",
                            "spec.0.template.0.spec.0.toleration.#": "0",
                            "spec.0.template.0.spec.0.volume.#": "0"
                        },
                        "meta": {
                            "e2bfb730-ecaa-11e6-8f88-34363bc7c4c0": {
                                "create": 600000000000,
                                "delete": 600000000000,
                                "update": 600000000000
                            }
                        },
                        "tainted": false
                    },
                    "deposed": [],
                    "provider": "provider.kubernetes"
                },
                "kubernetes_service.ghost_service": {
                    "type": "kubernetes_service",
                    "depends_on": [
                        "kubernetes_deployment.ghost_deployment"
                    ],
                    "primary": {
                        "id": "default/ghost-service",
                        "attributes": {
                            "id": "default/ghost-service",
                            "load_balancer_ingress.#": "0",
                            "metadata.#": "1",
                            "metadata.0.annotations.%": "0",
                            "metadata.0.generate_name": "",
                            "metadata.0.generation": "0",
                            "metadata.0.labels.%": "0",
                            "metadata.0.name": "ghost-service",
                            "metadata.0.namespace": "default",
                            "metadata.0.resource_version": "1671",
                            "metadata.0.self_link": "/api/v1/namespaces/default/services/ghost-service",
                            "metadata.0.uid": "3bdfdd81-beb3-4189-99d9-d53872554909",
                            "spec.#": "1",
                            "spec.0.cluster_ip": "10.96.136.117",
                            "spec.0.external_ips.#": "0",
                            "spec.0.external_name": "",
                            "spec.0.external_traffic_policy": "Cluster",
                            "spec.0.load_balancer_ip": "",
                            "spec.0.load_balancer_source_ranges.#": "0",
                            "spec.0.port.#": "1",
                            "spec.0.port.0.name": "",
                            "spec.0.port.0.node_port": "8080",
                            "spec.0.port.0.port": "2368",
                            "spec.0.port.0.protocol": "TCP",
                            "spec.0.port.0.target_port": "2368",
                            "spec.0.publish_not_ready_addresses": "false",
                            "spec.0.selector.%": "1",
                            "spec.0.selector.app": "ghost-blog",
                            "spec.0.session_affinity": "None",
                            "spec.0.type": "NodePort"
                        },
                        "meta": {
                            "e2bfb730-ecaa-11e6-8f88-34363bc7c4c0": {
                                "create": 600000000000
                            }
                        },
                        "tainted": false
                    },
                    "deposed": [],
                    "provider": "provider.kubernetes"
                }
            },
            "depends_on": []
        }
    ]
}
