{
    "version": 3,
    "terraform_version": "0.11.13",
    "serial": 6,
    "lineage": "6e336313-9ade-eb4c-cbf4-2f2a0f5629c9",
    "modules": [
        {
            "path": [
                "root"
            ],
            "outputs": {
                "container_name": {
                    "sensitive": false,
                    "type": "string",
                    "value": "blog"
                },
                "ip": {
                    "sensitive": false,
                    "type": "string",
                    "value": "172.17.0.2"
                }
            },
            "resources": {},
            "depends_on": []
        },
        {
            "path": [
                "root",
                "container"
            ],
            "outputs": {
                "container_name": {
                    "sensitive": false,
                    "type": "string",
                    "value": "blog"
                },
                "ip": {
                    "sensitive": false,
                    "type": "string",
                    "value": "172.17.0.2"
                }
            },
            "resources": {
                "docker_container.container_id": {
                    "type": "docker_container",
                    "depends_on": [],
                    "primary": {
                        "id": "bdc30fc0bffffec9984646f608a46d095215a6a69ffd6e59be191dfb2a4eeefe",
                        "attributes": {
                            "attach": "false",
                            "bridge": "",
                            "gateway": "172.17.0.1",
                            "id": "bdc30fc0bffffec9984646f608a46d095215a6a69ffd6e59be191dfb2a4eeefe",
                            "image": "sha256:a3fced6c343c6d354ea4dd99d38bfb0b17b78d4e1ad9d4931359dbd1899e37e6",
                            "ip_address": "172.17.0.2",
                            "ip_prefix_length": "16",
                            "log_driver": "json-file",
                            "logs": "false",
                            "must_run": "true",
                            "name": "blog",
                            "network_data.#": "1",
                            "network_data.0.gateway": "172.17.0.1",
                            "network_data.0.ip_address": "172.17.0.2",
                            "network_data.0.ip_prefix_length": "16",
                            "network_data.0.network_name": "bridge",
                            "ports.#": "1",
                            "ports.0.external": "80",
                            "ports.0.internal": "2368",
                            "ports.0.ip": "0.0.0.0",
                            "ports.0.protocol": "tcp",
                            "read_only": "false",
                            "restart": "no",
                            "rm": "false",
                            "start": "true"
                        },
                        "meta": {
                            "schema_version": "1"
                        },
                        "tainted": false
                    },
                    "deposed": [],
                    "provider": "provider.docker"
                }
            },
            "depends_on": []
        },
        {
            "path": [
                "root",
                "image"
            ],
            "outputs": {
                "image_out": {
                    "sensitive": false,
                    "type": "string",
                    "value": "sha256:a3fced6c343c6d354ea4dd99d38bfb0b17b78d4e1ad9d4931359dbd1899e37e6"
                }
            },
            "resources": {
                "docker_image.image_id": {
                    "type": "docker_image",
                    "depends_on": [],
                    "primary": {
                        "id": "sha256:a3fced6c343c6d354ea4dd99d38bfb0b17b78d4e1ad9d4931359dbd1899e37e6ghost:latest",
                        "attributes": {
                            "id": "sha256:a3fced6c343c6d354ea4dd99d38bfb0b17b78d4e1ad9d4931359dbd1899e37e6ghost:latest",
                            "latest": "sha256:a3fced6c343c6d354ea4dd99d38bfb0b17b78d4e1ad9d4931359dbd1899e37e6",
                            "name": "ghost:latest"
                        },
                        "meta": {},
                        "tainted": false
                    },
                    "deposed": [],
                    "provider": "provider.docker"
                }
            },
            "depends_on": []
        }
    ]
}
