{
  "version": 4,
  "terraform_version": "0.12.2",
  "serial": 3,
  "lineage": "230193eb-d7cb-ec3c-8a1e-d99d25ad6ed1",
  "outputs": {},
  "resources": [
    {
      "mode": "managed",
      "type": "aws_s3_bucket",
      "name": "tf_code",
      "provider": "provider.aws",
      "instances": [
        {
          "schema_version": 0,
          "attributes": {
            "acceleration_status": "",
            "acl": "private",
            "arn": "arn:aws:s3:::la-terraform-29376",
            "bucket": "la-terraform-29376",
            "bucket_domain_name": "la-terraform-29376.s3.amazonaws.com",
            "bucket_prefix": null,
            "bucket_regional_domain_name": "la-terraform-29376.s3.eu-central-1.amazonaws.com",
            "cors_rule": [],
            "force_destroy": true,
            "hosted_zone_id": "Z21DNDUVLTQW6Q",
            "id": "la-terraform-29376",
            "lifecycle_rule": [],
            "logging": [],
            "object_lock_configuration": [],
            "policy": null,
            "region": "eu-central-1",
            "replication_configuration": [],
            "request_payer": "BucketOwner",
            "server_side_encryption_configuration": [],
            "tags": {
              "Name": "tf_bucket"
            },
            "versioning": [
              {
                "enabled": false,
                "mfa_delete": false
              }
            ],
            "website": [],
            "website_domain": null,
            "website_endpoint": null
          },
          "private": "bnVsbA==",
          "depends_on": [
            "random_id.tf_bucket_id"
          ]
        }
      ]
    },
    {
      "mode": "managed",
      "type": "random_id",
      "name": "tf_bucket_id",
      "provider": "provider.random",
      "instances": [
        {
          "schema_version": 0,
          "attributes": {
            "b64": "csA",
            "b64_std": "csA=",
            "b64_url": "csA",
            "byte_length": 2,
            "dec": "29376",
            "hex": "72c0",
            "id": "csA",
            "keepers": null,
            "prefix": null
          },
          "private": "bnVsbA=="
        }
      ]
    }
  ]
}
