{
    "version": 3,
    "terraform_version": "0.11.13",
    "serial": 7,
    "lineage": "1ebb0865-7a32-13d5-88cb-fd6262ae95a2",
    "modules": [
        {
            "path": [
                "root"
            ],
            "outputs": {},
            "resources": {
                "docker_container.blog_container": {
                    "type": "docker_container",
                    "depends_on": [
                        "docker_container.mysql_container",
                        "docker_image.ghost_image",
                        "docker_network.private_bridge_network",
                        "docker_network.public_bridge_network",
                        "null_resource.sleep"
                    ],
                    "primary": {
                        "id": "571d49b466cf3b9f8cb330e5d5f3be119310f655c3e6d3a7213731740a7277ae",
                        "attributes": {
                            "attach": "false",
                            "bridge": "",
                            "env.#": "5",
                            "env.286725789": "database__connection__user=root",
                            "env.2975949015": "database__client=mysql",
                            "env.3083349939": "database__connection__password=P4sSw0rd0!",
                            "env.3457303461": "database__connection__host=db",
                            "env.3760825227": "database__connection__database=ghost",
                            "gateway": "172.24.0.1",
                            "id": "571d49b466cf3b9f8cb330e5d5f3be119310f655c3e6d3a7213731740a7277ae",
                            "image": "ghost:alpine",
                            "ip_address": "172.24.0.3",
                            "ip_prefix_length": "16",
                            "log_driver": "json-file",
                            "logs": "false",
                            "must_run": "true",
                            "name": "ghost_blog",
                            "network_data.#": "2",
                            "network_data.0.gateway": "172.24.0.1",
                            "network_data.0.ip_address": "172.24.0.3",
                            "network_data.0.ip_prefix_length": "16",
                            "network_data.0.network_name": "ghost_mysql_internal",
                            "network_data.1.gateway": "172.23.0.1",
                            "network_data.1.ip_address": "172.23.0.2",
                            "network_data.1.ip_prefix_length": "16",
                            "network_data.1.network_name": "public_ghost_network",
                            "networks_advanced.#": "2",
                            "networks_advanced.2661868645.aliases.#": "1",
                            "networks_advanced.2661868645.aliases.55808161": "ghost",
                            "networks_advanced.2661868645.ipv4_address": "",
                            "networks_advanced.2661868645.ipv6_address": "",
                            "networks_advanced.2661868645.name": "public_ghost_network",
                            "networks_advanced.3593933736.aliases.#": "1",
                            "networks_advanced.3593933736.aliases.55808161": "ghost",
                            "networks_advanced.3593933736.ipv4_address": "",
                            "networks_advanced.3593933736.ipv6_address": "",
                            "networks_advanced.3593933736.name": "ghost_mysql_internal",
                            "ports.#": "1",
                            "ports.0.external": "8082",
                            "ports.0.internal": "2368",
                            "ports.0.ip": "0.0.0.0",
                            "ports.0.protocol": "tcp",
                            "read_only": "false",
                            "restart": "no",
                            "rm": "false",
                            "start": "true"
                        },
                        "meta": {
                            "schema_version": "1"
                        },
                        "tainted": false
                    },
                    "deposed": [],
                    "provider": "provider.docker"
                },
                "docker_container.mysql_container": {
                    "type": "docker_container",
                    "depends_on": [
                        "docker_image.mysql_image",
                        "docker_network.private_bridge_network",
                        "docker_volume.mysql_data_volume"
                    ],
                    "primary": {
                        "id": "3538c5b639238b5df81844ae1b1952dd7d89025f19033cd31ee885ff99772a8b",
                        "attributes": {
                            "attach": "false",
                            "bridge": "",
                            "env.#": "1",
                            "env.1963307837": "MYSQL_ROOT_PASSWORD=P4sSw0rd0!",
                            "gateway": "172.24.0.1",
                            "id": "3538c5b639238b5df81844ae1b1952dd7d89025f19033cd31ee885ff99772a8b",
                            "image": "mysql:5.7",
                            "ip_address": "172.24.0.2",
                            "ip_prefix_length": "16",
                            "log_driver": "json-file",
                            "logs": "false",
                            "must_run": "true",
                            "name": "ghost_database",
                            "network_data.#": "1",
                            "network_data.0.gateway": "172.24.0.1",
                            "network_data.0.ip_address": "172.24.0.2",
                            "network_data.0.ip_prefix_length": "16",
                            "network_data.0.network_name": "ghost_mysql_internal",
                            "networks_advanced.#": "1",
                            "networks_advanced.2205594070.aliases.#": "1",
                            "networks_advanced.2205594070.aliases.3824466984": "db",
                            "networks_advanced.2205594070.ipv4_address": "",
                            "networks_advanced.2205594070.ipv6_address": "",
                            "networks_advanced.2205594070.name": "ghost_mysql_internal",
                            "ports.#": "0",
                            "read_only": "false",
                            "restart": "no",
                            "rm": "false",
                            "start": "true",
                            "volumes.#": "1",
                            "volumes.2351606827.container_path": "/var/lib/mysql",
                            "volumes.2351606827.from_container": "",
                            "volumes.2351606827.host_path": "",
                            "volumes.2351606827.read_only": "false",
                            "volumes.2351606827.volume_name": "mysql_data"
                        },
                        "meta": {
                            "schema_version": "1"
                        },
                        "tainted": false
                    },
                    "deposed": [],
                    "provider": "provider.docker"
                },
                "docker_image.ghost_image": {
                    "type": "docker_image",
                    "depends_on": [],
                    "primary": {
                        "id": "sha256:e2629fea3f380792e86b92129868f3d6e7919c17263ce9526436887fdcfccc9fghost:alpine",
                        "attributes": {
                            "id": "sha256:e2629fea3f380792e86b92129868f3d6e7919c17263ce9526436887fdcfccc9fghost:alpine",
                            "latest": "sha256:e2629fea3f380792e86b92129868f3d6e7919c17263ce9526436887fdcfccc9f",
                            "name": "ghost:alpine"
                        },
                        "meta": {},
                        "tainted": false
                    },
                    "deposed": [],
                    "provider": "provider.docker"
                },
                "docker_image.mysql_image": {
                    "type": "docker_image",
                    "depends_on": [],
                    "primary": {
                        "id": "sha256:1e4405fe1ea9e45247b512b578d5563e70fef24889ca6fa01336b4c05ddf2dc3mysql:5.7",
                        "attributes": {
                            "id": "sha256:1e4405fe1ea9e45247b512b578d5563e70fef24889ca6fa01336b4c05ddf2dc3mysql:5.7",
                            "latest": "sha256:1e4405fe1ea9e45247b512b578d5563e70fef24889ca6fa01336b4c05ddf2dc3",
                            "name": "mysql:5.7"
                        },
                        "meta": {},
                        "tainted": false
                    },
                    "deposed": [],
                    "provider": "provider.docker"
                },
                "docker_network.private_bridge_network": {
                    "type": "docker_network",
                    "depends_on": [],
                    "primary": {
                        "id": "782015dc136c8279e6872aaceb0aeac7d566e3a214f6d1e10bace1164c1eef87",
                        "attributes": {
                            "attachable": "false",
                            "driver": "bridge",
                            "id": "782015dc136c8279e6872aaceb0aeac7d566e3a214f6d1e10bace1164c1eef87",
                            "ingress": "false",
                            "internal": "true",
                            "ipam_config.#": "1",
                            "ipam_config.211075537.aux_address.%": "0",
                            "ipam_config.211075537.gateway": "172.24.0.1",
                            "ipam_config.211075537.ip_range": "",
                            "ipam_config.211075537.subnet": "172.24.0.0/16",
                            "ipam_driver": "default",
                            "ipv6": "false",
                            "labels.%": "0",
                            "name": "ghost_mysql_internal",
                            "options.%": "0",
                            "scope": "local"
                        },
                        "meta": {},
                        "tainted": false
                    },
                    "deposed": [],
                    "provider": "provider.docker"
                },
                "docker_network.public_bridge_network": {
                    "type": "docker_network",
                    "depends_on": [],
                    "primary": {
                        "id": "4cf0b472f4e323ce1c4aca2fcef5c3bf5b5b492f9197b2ebf76971dde6a63239",
                        "attributes": {
                            "attachable": "false",
                            "driver": "bridge",
                            "id": "4cf0b472f4e323ce1c4aca2fcef5c3bf5b5b492f9197b2ebf76971dde6a63239",
                            "ingress": "false",
                            "internal": "false",
                            "ipam_config.#": "1",
                            "ipam_config.1556596167.aux_address.%": "0",
                            "ipam_config.1556596167.gateway": "172.23.0.1",
                            "ipam_config.1556596167.ip_range": "",
                            "ipam_config.1556596167.subnet": "172.23.0.0/16",
                            "ipam_driver": "default",
                            "ipv6": "false",
                            "labels.%": "0",
                            "name": "public_ghost_network",
                            "options.%": "0",
                            "scope": "local"
                        },
                        "meta": {},
                        "tainted": false
                    },
                    "deposed": [],
                    "provider": "provider.docker"
                },
                "docker_volume.mysql_data_volume": {
                    "type": "docker_volume",
                    "depends_on": [],
                    "primary": {
                        "id": "mysql_data",
                        "attributes": {
                            "driver": "local",
                            "driver_opts.%": "0",
                            "id": "mysql_data",
                            "labels.%": "0",
                            "mountpoint": "/var/lib/docker/volumes/mysql_data/_data",
                            "name": "mysql_data"
                        },
                        "meta": {},
                        "tainted": false
                    },
                    "deposed": [],
                    "provider": "provider.docker"
                },
                "null_resource.sleep": {
                    "type": "null_resource",
                    "depends_on": [
                        "docker_container.mysql_container"
                    ],
                    "primary": {
                        "id": "8804412284939190500",
                        "attributes": {
                            "id": "8804412284939190500"
                        },
                        "meta": {},
                        "tainted": false
                    },
                    "deposed": [],
                    "provider": "provider.null"
                }
            },
            "depends_on": []
        }
    ]
}
