{
    "version": 3,
    "terraform_version": "0.11.13",
    "serial": 3,
    "lineage": "d843e18b-12b8-ecf1-1328-875b6af9e12e",
    "modules": [
        {
            "path": [
                "root"
            ],
            "outputs": {
                "container_name": {
                    "sensitive": false,
                    "type": "string",
                    "value": "blog_prod"
                },
                "ip_address": {
                    "sensitive": false,
                    "type": "string",
                    "value": "172.17.0.3"
                }
            },
            "resources": {
                "docker_container.container_id": {
                    "type": "docker_container",
                    "depends_on": [
                        "docker_image.image_id"
                    ],
                    "primary": {
                        "id": "23b910d6a2fba6391da3d4f0d1b048dd6f02a69e8ee04d0b5d5b022b86eb5140",
                        "attributes": {
                            "attach": "false",
                            "bridge": "",
                            "gateway": "172.17.0.1",
                            "id": "23b910d6a2fba6391da3d4f0d1b048dd6f02a69e8ee04d0b5d5b022b86eb5140",
                            "image": "sha256:e2629fea3f380792e86b92129868f3d6e7919c17263ce9526436887fdcfccc9f",
                            "ip_address": "172.17.0.3",
                            "ip_prefix_length": "16",
                            "log_driver": "json-file",
                            "logs": "false",
                            "must_run": "true",
                            "name": "blog_prod",
                            "network_data.#": "1",
                            "network_data.0.gateway": "172.17.0.1",
                            "network_data.0.ip_address": "172.17.0.3",
                            "network_data.0.ip_prefix_length": "16",
                            "network_data.0.network_name": "bridge",
                            "ports.#": "1",
                            "ports.0.external": "80",
                            "ports.0.internal": "2368",
                            "ports.0.ip": "0.0.0.0",
                            "ports.0.protocol": "tcp",
                            "read_only": "false",
                            "restart": "no",
                            "rm": "false",
                            "start": "true"
                        },
                        "meta": {
                            "schema_version": "1"
                        },
                        "tainted": false
                    },
                    "deposed": [],
                    "provider": "provider.docker"
                },
                "docker_image.image_id": {
                    "type": "docker_image",
                    "depends_on": [],
                    "primary": {
                        "id": "sha256:e2629fea3f380792e86b92129868f3d6e7919c17263ce9526436887fdcfccc9fghost:alpine",
                        "attributes": {
                            "id": "sha256:e2629fea3f380792e86b92129868f3d6e7919c17263ce9526436887fdcfccc9fghost:alpine",
                            "latest": "sha256:e2629fea3f380792e86b92129868f3d6e7919c17263ce9526436887fdcfccc9f",
                            "name": "ghost:alpine"
                        },
                        "meta": {},
                        "tainted": false
                    },
                    "deposed": [],
                    "provider": "provider.docker"
                }
            },
            "depends_on": []
        }
    ]
}
