{
    "version": 3,
    "terraform_version": "0.11.13",
    "serial": 27,
    "lineage": "c231204a-7bbb-dbd8-cec1-75a4063c51d3",
    "modules": [
        {
            "path": [
                "root"
            ],
            "outputs": {
                "container_name": {
                    "sensitive": false,
                    "type": "string",
                    "value": "blog_dev"
                },
                "ip_address": {
                    "sensitive": false,
                    "type": "string",
                    "value": "172.17.0.2"
                }
            },
            "resources": {
                "docker_container.container_id": {
                    "type": "docker_container",
                    "depends_on": [
                        "docker_image.image_id"
                    ],
                    "primary": {
                        "id": "53d87255f9bb0a823d847487f0d452ce99847b56c6a89a0a8c1ef5d98aefddf6",
                        "attributes": {
                            "attach": "false",
                            "bridge": "",
                            "gateway": "172.17.0.1",
                            "id": "53d87255f9bb0a823d847487f0d452ce99847b56c6a89a0a8c1ef5d98aefddf6",
                            "image": "sha256:a3fced6c343c6d354ea4dd99d38bfb0b17b78d4e1ad9d4931359dbd1899e37e6",
                            "ip_address": "172.17.0.2",
                            "ip_prefix_length": "16",
                            "log_driver": "json-file",
                            "logs": "false",
                            "must_run": "true",
                            "name": "blog_dev",
                            "network_data.#": "1",
                            "network_data.0.gateway": "172.17.0.1",
                            "network_data.0.ip_address": "172.17.0.2",
                            "network_data.0.ip_prefix_length": "16",
                            "network_data.0.network_name": "bridge",
                            "ports.#": "1",
                            "ports.0.external": "8081",
                            "ports.0.internal": "2368",
                            "ports.0.ip": "0.0.0.0",
                            "ports.0.protocol": "tcp",
                            "read_only": "false",
                            "restart": "no",
                            "rm": "false",
                            "start": "true"
                        },
                        "meta": {
                            "schema_version": "1"
                        },
                        "tainted": false
                    },
                    "deposed": [],
                    "provider": "provider.docker"
                },
                "docker_image.image_id": {
                    "type": "docker_image",
                    "depends_on": [],
                    "primary": {
                        "id": "sha256:a3fced6c343c6d354ea4dd99d38bfb0b17b78d4e1ad9d4931359dbd1899e37e6ghost:latest",
                        "attributes": {
                            "id": "sha256:a3fced6c343c6d354ea4dd99d38bfb0b17b78d4e1ad9d4931359dbd1899e37e6ghost:latest",
                            "latest": "sha256:a3fced6c343c6d354ea4dd99d38bfb0b17b78d4e1ad9d4931359dbd1899e37e6",
                            "name": "ghost:latest"
                        },
                        "meta": {},
                        "tainted": false
                    },
                    "deposed": [],
                    "provider": "provider.docker"
                }
            },
            "depends_on": []
        }
    ]
}
